
Microsoft Visual Studio Solution File, Format Version 12.00
Project("{2150E333-8FDC-42A3-9474-1A3956D46DE8}") = "Application", "Application", "{84916F4F-0FD3-43C1-8785-66D293750277}"
EndProject
Project("{2150E333-8FDC-42A3-9474-1A3956D46DE8}") = "BLL", "BLL", "{56F7CDBD-51EA-433F-9E7A-0D341F30EA26}"
EndProject
Project("{FAE04EC0-301F-11D3-BF4B-00C04F79EFBC}") = "TestApi.DataContracts", "src\TestApi.DataContracts\TestApi.DataContracts.csproj", "{663B0A71-9F5A-4DCC-BD47-44F02F735BFE}"
EndProject
Project("{FAE04EC0-301F-11D3-BF4B-00C04F79EFBC}") = "TestApi.Handlers", "src\TestApi.Handlers\TestApi.Handlers.csproj", "{FA8806C1-0433-4E7D-B60C-C405641051D3}"
EndProject
Project("{2150E333-8FDC-42A3-9474-1A3956D46DE8}") = "Models", "Models", "{66464891-6AD4-4603-95D0-FD89BF59B658}"
EndProject
Project("{FAE04EC0-301F-11D3-BF4B-00C04F79EFBC}") = "TestApi.Domain", "src\TestApi.Domain\TestApi.Domain.csproj", "{DB8007B8-9422-49D6-997C-7BB1E0AC3BF3}"
EndProject
Project("{2150E333-8FDC-42A3-9474-1A3956D46DE8}") = "DAL", "DAL", "{6F20CC29-B32F-4D26-A94D-B21773840164}"
EndProject
Project("{FAE04EC0-301F-11D3-BF4B-00C04F79EFBC}") = "TestApi.Repositories", "src\TestApi.Repositories\TestApi.Repositories.csproj", "{8D31863B-7C81-40DB-97AB-CB1B328D2FDC}"
EndProject
Project("{FAE04EC0-301F-11D3-BF4B-00C04F79EFBC}") = "TestApi", "src\TestApi\TestApi.csproj", "{36DB3A68-8537-412A-B879-8F20A8A36383}"
EndProject
Project("{2150E333-8FDC-42A3-9474-1A3956D46DE8}") = "Tests", "Tests", "{A58D52DA-76AC-4A5C-9C54-C74F20006554}"
EndProject
Project("{FAE04EC0-301F-11D3-BF4B-00C04F79EFBC}") = "TestApi.Tests", "src\TestApi.Tests\TestApi.Tests.csproj", "{292BD4D7-3B74-4AA6-BE49-F681B316A7AB}"
EndProject
Global
	GlobalSection(SolutionConfigurationPlatforms) = preSolution
		Debug|Any CPU = Debug|Any CPU
		Release|Any CPU = Release|Any CPU
	EndGlobalSection
	GlobalSection(NestedProjects) = preSolution
		{FA8806C1-0433-4E7D-B60C-C405641051D3} = {56F7CDBD-51EA-433F-9E7A-0D341F30EA26}
		{66464891-6AD4-4603-95D0-FD89BF59B658} = {56F7CDBD-51EA-433F-9E7A-0D341F30EA26}
		{DB8007B8-9422-49D6-997C-7BB1E0AC3BF3} = {66464891-6AD4-4603-95D0-FD89BF59B658}
		{663B0A71-9F5A-4DCC-BD47-44F02F735BFE} = {66464891-6AD4-4603-95D0-FD89BF59B658}
		{8D31863B-7C81-40DB-97AB-CB1B328D2FDC} = {6F20CC29-B32F-4D26-A94D-B21773840164}
		{36DB3A68-8537-412A-B879-8F20A8A36383} = {84916F4F-0FD3-43C1-8785-66D293750277}
		{292BD4D7-3B74-4AA6-BE49-F681B316A7AB} = {A58D52DA-76AC-4A5C-9C54-C74F20006554}
	EndGlobalSection
	GlobalSection(ProjectConfigurationPlatforms) = postSolution
		{663B0A71-9F5A-4DCC-BD47-44F02F735BFE}.Debug|Any CPU.ActiveCfg = Debug|Any CPU
		{663B0A71-9F5A-4DCC-BD47-44F02F735BFE}.Debug|Any CPU.Build.0 = Debug|Any CPU
		{663B0A71-9F5A-4DCC-BD47-44F02F735BFE}.Release|Any CPU.ActiveCfg = Release|Any CPU
		{663B0A71-9F5A-4DCC-BD47-44F02F735BFE}.Release|Any CPU.Build.0 = Release|Any CPU
		{FA8806C1-0433-4E7D-B60C-C405641051D3}.Debug|Any CPU.ActiveCfg = Debug|Any CPU
		{FA8806C1-0433-4E7D-B60C-C405641051D3}.Debug|Any CPU.Build.0 = Debug|Any CPU
		{FA8806C1-0433-4E7D-B60C-C405641051D3}.Release|Any CPU.ActiveCfg = Release|Any CPU
		{FA8806C1-0433-4E7D-B60C-C405641051D3}.Release|Any CPU.Build.0 = Release|Any CPU
		{DB8007B8-9422-49D6-997C-7BB1E0AC3BF3}.Debug|Any CPU.ActiveCfg = Debug|Any CPU
		{DB8007B8-9422-49D6-997C-7BB1E0AC3BF3}.Debug|Any CPU.Build.0 = Debug|Any CPU
		{DB8007B8-9422-49D6-997C-7BB1E0AC3BF3}.Release|Any CPU.ActiveCfg = Release|Any CPU
		{DB8007B8-9422-49D6-997C-7BB1E0AC3BF3}.Release|Any CPU.Build.0 = Release|Any CPU
		{8D31863B-7C81-40DB-97AB-CB1B328D2FDC}.Debug|Any CPU.ActiveCfg = Debug|Any CPU
		{8D31863B-7C81-40DB-97AB-CB1B328D2FDC}.Debug|Any CPU.Build.0 = Debug|Any CPU
		{8D31863B-7C81-40DB-97AB-CB1B328D2FDC}.Release|Any CPU.ActiveCfg = Release|Any CPU
		{8D31863B-7C81-40DB-97AB-CB1B328D2FDC}.Release|Any CPU.Build.0 = Release|Any CPU
		{36DB3A68-8537-412A-B879-8F20A8A36383}.Debug|Any CPU.ActiveCfg = Debug|Any CPU
		{36DB3A68-8537-412A-B879-8F20A8A36383}.Debug|Any CPU.Build.0 = Debug|Any CPU
		{36DB3A68-8537-412A-B879-8F20A8A36383}.Release|Any CPU.ActiveCfg = Release|Any CPU
		{36DB3A68-8537-412A-B879-8F20A8A36383}.Release|Any CPU.Build.0 = Release|Any CPU
		{292BD4D7-3B74-4AA6-BE49-F681B316A7AB}.Debug|Any CPU.ActiveCfg = Debug|Any CPU
		{292BD4D7-3B74-4AA6-BE49-F681B316A7AB}.Debug|Any CPU.Build.0 = Debug|Any CPU
		{292BD4D7-3B74-4AA6-BE49-F681B316A7AB}.Release|Any CPU.ActiveCfg = Release|Any CPU
		{292BD4D7-3B74-4AA6-BE49-F681B316A7AB}.Release|Any CPU.Build.0 = Release|Any CPU
	EndGlobalSection
EndGlobal
